
Microsoft Visual Studio Solution File, Format Version 12.00
# Visual Studio 15
VisualStudioVersion = 15.0.28307.489
MinimumVisualStudioVersion = 10.0.40219.1
Project("{FAE04EC0-301F-11D3-BF4B-00C04F79EFBC}") = "ConsoleApp2", "ConsoleApp2\ConsoleApp2.csproj", "{4F513907-ED70-49D3-B0BF-EE17E5C33851}"
EndProject
Project("{FAE04EC0-301F-11D3-BF4B-00C04F79EFBC}") = "ConsoleApp1", "ConsoleApp1\ConsoleApp1.csproj", "{F25F037A-B6C2-44FB-B0AC-76E00A7DC196}"
EndProject
Project("{FAE04EC0-301F-11D3-BF4B-00C04F79EFBC}") = "ConsoleApp3", "ConsoleApp3\ConsoleApp3.csproj", "{A32ADA08-F22B-41FB-9314-DAA8F7B5DB97}"
EndProject
Project("{FAE04EC0-301F-11D3-BF4B-00C04F79EFBC}") = "ConsoleApp4", "ConsoleApp4\ConsoleApp4.csproj", "{31678A11-0D46-43E2-86B8-4F360022E286}"
EndProject
Global
	GlobalSection(SolutionConfigurationPlatforms) = preSolution
		Debug|Any CPU = Debug|Any CPU
		Release|Any CPU = Release|Any CPU
	EndGlobalSection
	GlobalSection(ProjectConfigurationPlatforms) = postSolution
		{4F513907-ED70-49D3-B0BF-EE17E5C33851}.Debug|Any CPU.ActiveCfg = Debug|Any CPU
		{4F513907-ED70-49D3-B0BF-EE17E5C33851}.Debug|Any CPU.Build.0 = Debug|Any CPU
		{4F513907-ED70-49D3-B0BF-EE17E5C33851}.Release|Any CPU.ActiveCfg = Release|Any CPU
		{4F513907-ED70-49D3-B0BF-EE17E5C33851}.Release|Any CPU.Build.0 = Release|Any CPU
		{F25F037A-B6C2-44FB-B0AC-76E00A7DC196}.Debug|Any CPU.ActiveCfg = Debug|Any CPU
		{F25F037A-B6C2-44FB-B0AC-76E00A7DC196}.Debug|Any CPU.Build.0 = Debug|Any CPU
		{F25F037A-B6C2-44FB-B0AC-76E00A7DC196}.Release|Any CPU.ActiveCfg = Release|Any CPU
		{F25F037A-B6C2-44FB-B0AC-76E00A7DC196}.Release|Any CPU.Build.0 = Release|Any CPU
		{A32ADA08-F22B-41FB-9314-DAA8F7B5DB97}.Debug|Any CPU.ActiveCfg = Debug|Any CPU
		{A32ADA08-F22B-41FB-9314-DAA8F7B5DB97}.Debug|Any CPU.Build.0 = Debug|Any CPU
		{A32ADA08-F22B-41FB-9314-DAA8F7B5DB97}.Release|Any CPU.ActiveCfg = Release|Any CPU
		{A32ADA08-F22B-41FB-9314-DAA8F7B5DB97}.Release|Any CPU.Build.0 = Release|Any CPU
		{31678A11-0D46-43E2-86B8-4F360022E286}.Debug|Any CPU.ActiveCfg = Debug|Any CPU
		{31678A11-0D46-43E2-86B8-4F360022E286}.Debug|Any CPU.Build.0 = Debug|Any CPU
		{31678A11-0D46-43E2-86B8-4F360022E286}.Release|Any CPU.ActiveCfg = Release|Any CPU
		{31678A11-0D46-43E2-86B8-4F360022E286}.Release|Any CPU.Build.0 = Release|Any CPU
	EndGlobalSection
	GlobalSection(SolutionProperties) = preSolution
		HideSolutionNode = FALSE
	EndGlobalSection
	GlobalSection(ExtensibilityGlobals) = postSolution
		SolutionGuid = {D68F7946-B2B3-4D30-BEEA-001813F3A057}
	EndGlobalSection
EndGlobal
